// !$*UTF8*$!
{
	archiveVersion = 1;
	classes = {
	};
	objectVersion = 56;
	objects = {

/* Begin PBXBuildFile section */
		2440829C2C3D1C1A001BC6AA /* ProgressBar.swift in Sources */ = {isa = PBXBuildFile; fileRef = 2440829B2C3D1C1A001BC6AA /* ProgressBar.swift */; };
		245FFFCD2C3D8D1E0056A844 /* GradientCircleView.swift in Sources */ = {isa = PBXBuildFile; fileRef = 245FFFCC2C3D8D1E0056A844 /* GradientCircleView.swift */; };
		2462AB242C452453001A12C1 /* FSCalendar in Frameworks */ = {isa = PBXBuildFile; productRef = 2462AB232C452453001A12C1 /* FSCalendar */; };
		2462AB262C45246B001A12C1 /* CalendarView.swift in Sources */ = {isa = PBXBuildFile; fileRef = 2462AB252C45246B001A12C1 /* CalendarView.swift */; };
		24DD97D12C3BDB4100B5B117 /* coristronkApp.swift in Sources */ = {isa = PBXBuildFile; fileRef = 24DD97D02C3BDB4100B5B117 /* coristronkApp.swift */; };
		24DD97D32C3BDB4100B5B117 /* ContentView.swift in Sources */ = {isa = PBXBuildFile; fileRef = 24DD97D22C3BDB4100B5B117 /* ContentView.swift */; };
		24DD97D52C3BDB4100B5B117 /* Item.swift in Sources */ = {isa = PBXBuildFile; fileRef = 24DD97D42C3BDB4100B5B117 /* Item.swift */; };
		24DD97D72C3BDB4500B5B117 /* Assets.xcassets in Resources */ = {isa = PBXBuildFile; fileRef = 24DD97D62C3BDB4500B5B117 /* Assets.xcassets */; };
		24DD97DA2C3BDB4500B5B117 /* Preview Assets.xcassets in Resources */ = {isa = PBXBuildFile; fileRef = 24DD97D92C3BDB4500B5B117 /* Preview Assets.xcassets */; };
/* End PBXBuildFile section */

/* Begin PBXFileReference section */
		2440829B2C3D1C1A001BC6AA /* ProgressBar.swift */ = {isa = PBXFileReference; lastKnownFileType = sourcecode.swift; path = ProgressBar.swift; sourceTree = "<group>"; };
		245FFFCC2C3D8D1E0056A844 /* GradientCircleView.swift */ = {isa = PBXFileReference; lastKnownFileType = sourcecode.swift; path = GradientCircleView.swift; sourceTree = "<group>"; };
		2462AB252C45246B001A12C1 /* CalendarView.swift */ = {isa = PBXFileReference; lastKnownFileType = sourcecode.swift; path = CalendarView.swift; sourceTree = "<group>"; };
		24DD97CD2C3BDB4100B5B117 /* coristronk.app */ = {isa = PBXFileReference; explicitFileType = wrapper.application; includeInIndex = 0; path = coristronk.app; sourceTree = BUILT_PRODUCTS_DIR; };
		24DD97D02C3BDB4100B5B117 /* coristronkApp.swift */ = {isa = PBXFileReference; lastKnownFileType = sourcecode.swift; path = coristronkApp.swift; sourceTree = "<group>"; };
		24DD97D22C3BDB4100B5B117 /* ContentView.swift */ = {isa = PBXFileReference; lastKnownFileType = sourcecode.swift; path = ContentView.swift; sourceTree = "<group>"; };
		24DD97D42C3BDB4100B5B117 /* Item.swift */ = {isa = PBXFileReference; lastKnownFileType = sourcecode.swift; path = Item.swift; sourceTree = "<group>"; };
		24DD97D62C3BDB4500B5B117 /* Assets.xcassets */ = {isa = PBXFileReference; lastKnownFileType = folder.assetcatalog; path = Assets.xcassets; sourceTree = "<group>"; };
		24DD97D92C3BDB4500B5B117 /* Preview Assets.xcassets */ = {isa = PBXFileReference; lastKnownFileType = folder.assetcatalog; path = "Preview Assets.xcassets"; sourceTree = "<group>"; };
/* End PBXFileReference section */

/* Begin PBXFrameworksBuildPhase section */
		24DD97CA2C3BDB4100B5B117 /* Frameworks */ = {
			isa = PBXFrameworksBuildPhase;
			buildActionMask = 2147483647;
			files = (
				2462AB242C452453001A12C1 /* FSCalendar in Frameworks */,
			);
			runOnlyForDeploymentPostprocessing = 0;
		};
/* End PBXFrameworksBuildPhase section */

/* Begin PBXGroup section */
		24DD97C42C3BDB4100B5B117 = {
			isa = PBXGroup;
			children = (
				24DD97CF2C3BDB4100B5B117 /* coristronk */,
				24DD97CE2C3BDB4100B5B117 /* Products */,
			);
			sourceTree = "<group>";
		};
		24DD97CE2C3BDB4100B5B117 /* Products */ = {
			isa = PBXGroup;
			children = (
				24DD97CD2C3BDB4100B5B117 /* coristronk.app */,
			);
			name = Products;
			sourceTree = "<group>";
		};
		24DD97CF2C3BDB4100B5B117 /* coristronk */ = {
			isa = PBXGroup;
			children = (
				24DD97D02C3BDB4100B5B117 /* coristronkApp.swift */,
				24DD97D22C3BDB4100B5B117 /* ContentView.swift */,
				2440829B2C3D1C1A001BC6AA /* ProgressBar.swift */,
				245FFFCC2C3D8D1E0056A844 /* GradientCircleView.swift */,
				2462AB252C45246B001A12C1 /* CalendarView.swift */,
				24DD97D42C3BDB4100B5B117 /* Item.swift */,
				24DD97D62C3BDB4500B5B117 /* Assets.xcassets */,
				24DD97D82C3BDB4500B5B117 /* Preview Content */,
			);
			path = coristronk;
			sourceTree = "<group>";
		};
		24DD97D82C3BDB4500B5B117 /* Preview Content */ = {
			isa = PBXGroup;
			children = (
				24DD97D92C3BDB4500B5B117 /* Preview Assets.xcassets */,
			);
			path = "Preview Content";
			sourceTree = "<group>";
		};
/* End PBXGroup section */

/* Begin PBXNativeTarget section */
		24DD97CC2C3BDB4100B5B117 /* coristronk */ = {
			isa = PBXNativeTarget;
			buildConfigurationList = 24DD97DD2C3BDB4500B5B117 /* Build configuration list for PBXNativeTarget "coristronk" */;
			buildPhases = (
				24DD97C92C3BDB4100B5B117 /* Sources */,
				24DD97CA2C3BDB4100B5B117 /* Frameworks */,
				24DD97CB2C3BDB4100B5B117 /* Resources */,
			);
			buildRules = (
			);
			dependencies = (
			);
			name = coristronk;
			packageProductDependencies = (
				2462AB232C452453001A12C1 /* FSCalendar */,
			);
			productName = coristronk;
			productReference = 24DD97CD2C3BDB4100B5B117 /* coristronk.app */;
			productType = "com.apple.product-type.application";
		};
/* End PBXNativeTarget section */

/* Begin PBXProject section */
		24DD97C52C3BDB4100B5B117 /* Project object */ = {
			isa = PBXProject;
			attributes = {
				BuildIndependentTargetsInParallel = 1;
				LastSwiftUpdateCheck = 1540;
				LastUpgradeCheck = 1540;
				TargetAttributes = {
					24DD97CC2C3BDB4100B5B117 = {
						CreatedOnToolsVersion = 15.4;
					};
				};
			};
			buildConfigurationList = 24DD97C82C3BDB4100B5B117 /* Build configuration list for PBXProject "coristronk" */;
			compatibilityVersion = "Xcode 14.0";
			developmentRegion = en;
			hasScannedForEncodings = 0;
			knownRegions = (
				en,
				Base,
			);
			mainGroup = 24DD97C42C3BDB4100B5B117;
			packageReferences = (
				2462AB222C452453001A12C1 /* XCRemoteSwiftPackageReference "FSCalendar" */,
			);
			productRefGroup = 24DD97CE2C3BDB4100B5B117 /* Products */;
			projectDirPath = "";
			projectRoot = "";
			targets = (
				24DD97CC2C3BDB4100B5B117 /* coristronk */,
			);
		};
/* End PBXProject section */

/* Begin PBXResourcesBuildPhase section */
		24DD97CB2C3BDB4100B5B117 /* Resources */ = {
			isa = PBXResourcesBuildPhase;
			buildActionMask = 2147483647;
			files = (
				24DD97DA2C3BDB4500B5B117 /* Preview Assets.xcassets in Resources */,
				24DD97D72C3BDB4500B5B117 /* Assets.xcassets in Resources */,
			);
			runOnlyForDeploymentPostprocessing = 0;
		};
/* End PBXResourcesBuildPhase section */

/* Begin PBXSourcesBuildPhase section */
		24DD97C92C3BDB4100B5B117 /* Sources */ = {
			isa = PBXSourcesBuildPhase;
			buildActionMask = 2147483647;
			files = (
				245FFFCD2C3D8D1E0056A844 /* GradientCircleView.swift in Sources */,
				24DD97D32C3BDB4100B5B117 /* ContentView.swift in Sources */,
				2462AB262C45246B001A12C1 /* CalendarView.swift in Sources */,
				24DD97D52C3BDB4100B5B117 /* Item.swift in Sources */,
				2440829C2C3D1C1A001BC6AA /* ProgressBar.swift in Sources */,
				24DD97D12C3BDB4100B5B117 /* coristronkApp.swift in Sources */,
			);
			runOnlyForDeploymentPostprocessing = 0;
		};
/* End PBXSourcesBuildPhase section */

/* Begin XCBuildConfiguration section */
		24DD97DB2C3BDB4500B5B117 /* Debug */ = {
			isa = XCBuildConfiguration;
			buildSettings = {
				ALWAYS_SEARCH_USER_PATHS = NO;
				ASSETCATALOG_COMPILER_GENERATE_SWIFT_ASSET_SYMBOL_EXTENSIONS = YES;
				CLANG_ANALYZER_NONNULL = YES;
				CLANG_ANALYZER_NUMBER_OBJECT_CONVERSION = YES_AGGRESSIVE;
				CLANG_CXX_LANGUAGE_STANDARD = "gnu++20";
				CLANG_ENABLE_MODULES = YES;
				CLANG_ENABLE_OBJC_ARC = YES;
				CLANG_ENABLE_OBJC_WEAK = YES;
				CLANG_WARN_BLOCK_CAPTURE_AUTORELEASING = YES;
				CLANG_WARN_BOOL_CONVERSION = YES;
				CLANG_WARN_COMMA = YES;
				CLANG_WARN_CONSTANT_CONVERSION = YES;
				CLANG_WARN_DEPRECATED_OBJC_IMPLEMENTATIONS = YES;
				CLANG_WARN_DIRECT_OBJC_ISA_USAGE = YES_ERROR;
				CLANG_WARN_DOCUMENTATION_COMMENTS = YES;
				CLANG_WARN_EMPTY_BODY = YES;
				CLANG_WARN_ENUM_CONVERSION = YES;
				CLANG_WARN_INFINITE_RECURSION = YES;
				CLANG_WARN_INT_CONVERSION = YES;
				CLANG_WARN_NON_LITERAL_NULL_CONVERSION = YES;
				CLANG_WARN_OBJC_IMPLICIT_RETAIN_SELF = YES;
				CLANG_WARN_OBJC_LITERAL_CONVERSION = YES;
				CLANG_WARN_OBJC_ROOT_CLASS = YES_ERROR;
				CLANG_WARN_QUOTED_INCLUDE_IN_FRAMEWORK_HEADER = YES;
				CLANG_WARN_RANGE_LOOP_ANALYSIS = YES;
				CLANG_WARN_STRICT_PROTOTYPES = YES;
				CLANG_WARN_SUSPICIOUS_MOVE = YES;
				CLANG_WARN_UNGUARDED_AVAILABILITY = YES_AGGRESSIVE;
				CLANG_WARN_UNREACHABLE_CODE = YES;
				CLANG_WARN__DUPLICATE_METHOD_MATCH = YES;
				COPY_PHASE_STRIP = NO;
				DEBUG_INFORMATION_FORMAT = dwarf;
				ENABLE_STRICT_OBJC_MSGSEND = YES;
				ENABLE_TESTABILITY = YES;
				ENABLE_USER_SCRIPT_SANDBOXING = YES;
				GCC_C_LANGUAGE_STANDARD = gnu17;
				GCC_DYNAMIC_NO_PIC = NO;
				GCC_NO_COMMON_BLOCKS = YES;
				GCC_OPTIMIZATION_LEVEL = 0;
				GCC_PREPROCESSOR_DEFINITIONS = (
					"DEBUG=1",
					"$(inherited)",
				);
				GCC_WARN_64_TO_32_BIT_CONVERSION = YES;
				GCC_WARN_ABOUT_RETURN_TYPE = YES_ERROR;
				GCC_WARN_UNDECLARED_SELECTOR = YES;
				GCC_WARN_UNINITIALIZED_AUTOS = YES_AGGRESSIVE;
				GCC_WARN_UNUSED_FUNCTION = YES;
				GCC_WARN_UNUSED_VARIABLE = YES;
				IPHONEOS_DEPLOYMENT_TARGET = 17.5;
				LOCALIZATION_PREFERS_STRING_CATALOGS = YES;
				MTL_ENABLE_DEBUG_INFO = INCLUDE_SOURCE;
				MTL_FAST_MATH = YES;
				ONLY_ACTIVE_ARCH = YES;
				SDKROOT = iphoneos;
				SWIFT_ACTIVE_COMPILATION_CONDITIONS = "DEBUG $(inherited)";
				SWIFT_OPTIMIZATION_LEVEL = "-Onone";
			};
			name = Debug;
		};
		24DD97DC2C3BDB4500B5B117 /* Release */ = {
			isa = XCBuildConfiguration;
			buildSettings = {
				ALWAYS_SEARCH_USER_PATHS = NO;
				ASSETCATALOG_COMPILER_GENERATE_SWIFT_ASSET_SYMBOL_EXTENSIONS = YES;
				CLANG_ANALYZER_NONNULL = YES;
				CLANG_ANALYZER_NUMBER_OBJECT_CONVERSION = YES_AGGRESSIVE;
				CLANG_CXX_LANGUAGE_STANDARD = "gnu++20";
				CLANG_ENABLE_MODULES = YES;
				CLANG_ENABLE_OBJC_ARC = YES;
				CLANG_ENABLE_OBJC_WEAK = YES;
				CLANG_WARN_BLOCK_CAPTURE_AUTORELEASING = YES;
				CLANG_WARN_BOOL_CONVERSION = YES;
				CLANG_WARN_COMMA = YES;
				CLANG_WARN_CONSTANT_CONVERSION = YES;
				CLANG_WARN_DEPRECATED_OBJC_IMPLEMENTATIONS = YES;
				CLANG_WARN_DIRECT_OBJC_ISA_USAGE = YES_ERROR;
				CLANG_WARN_DOCUMENTATION_COMMENTS = YES;
				CLANG_WARN_EMPTY_BODY = YES;
				CLANG_WARN_ENUM_CONVERSION = YES;
				CLANG_WARN_INFINITE_RECURSION = YES;
				CLANG_WARN_INT_CONVERSION = YES;
				CLANG_WARN_NON_LITERAL_NULL_CONVERSION = YES;
				CLANG_WARN_OBJC_IMPLICIT_RETAIN_SELF = YES;
				CLANG_WARN_OBJC_LITERAL_CONVERSION = YES;
				CLANG_WARN_OBJC_ROOT_CLASS = YES_ERROR;
				CLANG_WARN_QUOTED_INCLUDE_IN_FRAMEWORK_HEADER = YES;
				CLANG_WARN_RANGE_LOOP_ANALYSIS = YES;
				CLANG_WARN_STRICT_PROTOTYPES = YES;
				CLANG_WARN_SUSPICIOUS_MOVE = YES;
				CLANG_WARN_UNGUARDED_AVAILABILITY = YES_AGGRESSIVE;
				CLANG_WARN_UNREACHABLE_CODE = YES;
				CLANG_WARN__DUPLICATE_METHOD_MATCH = YES;
				COPY_PHASE_STRIP = NO;
				DEBUG_INFORMATION_FORMAT = "dwarf-with-dsym";
				ENABLE_NS_ASSERTIONS = NO;
				ENABLE_STRICT_OBJC_MSGSEND = YES;
				ENABLE_USER_SCRIPT_SANDBOXING = YES;
				GCC_C_LANGUAGE_STANDARD = gnu17;
				GCC_NO_COMMON_BLOCKS = YES;
				GCC_WARN_64_TO_32_BIT_CONVERSION = YES;
				GCC_WARN_ABOUT_RETURN_TYPE = YES_ERROR;
				GCC_WARN_UNDECLARED_SELECTOR = YES;
				GCC_WARN_UNINITIALIZED_AUTOS = YES_AGGRESSIVE;
				GCC_WARN_UNUSED_FUNCTION = YES;
				GCC_WARN_UNUSED_VARIABLE = YES;
				IPHONEOS_DEPLOYMENT_TARGET = 17.5;
				LOCALIZATION_PREFERS_STRING_CATALOGS = YES;
				MTL_ENABLE_DEBUG_INFO = NO;
				MTL_FAST_MATH = YES;
				SDKROOT = iphoneos;
				SWIFT_COMPILATION_MODE = wholemodule;
				VALIDATE_PRODUCT = YES;
			};
			name = Release;
		};
		24DD97DE2C3BDB4500B5B117 /* Debug */ = {
			isa = XCBuildConfiguration;
			buildSettings = {
				ASSETCATALOG_COMPILER_APPICON_NAME = AppIcon;
				ASSETCATALOG_COMPILER_GLOBAL_ACCENT_COLOR_NAME = AccentColor;
				CODE_SIGN_STYLE = Automatic;
				CURRENT_PROJECT_VERSION = 1;
				DEVELOPMENT_ASSET_PATHS = "\"coristronk/Preview Content\"";
				DEVELOPMENT_TEAM = 9W2QS2S9PF;
				ENABLE_PREVIEWS = YES;
				GENERATE_INFOPLIST_FILE = YES;
				INFOPLIST_KEY_CFBundleDisplayName = "Bubu's workouts";
				INFOPLIST_KEY_UIApplicationSceneManifest_Generation = YES;
				INFOPLIST_KEY_UIApplicationSupportsIndirectInputEvents = YES;
				INFOPLIST_KEY_UILaunchScreen_Generation = YES;
				INFOPLIST_KEY_UISupportedInterfaceOrientations_iPad = "UIInterfaceOrientationPortrait UIInterfaceOrientationPortraitUpsideDown UIInterfaceOrientationLandscapeLeft UIInterfaceOrientationLandscapeRight";
				INFOPLIST_KEY_UISupportedInterfaceOrientations_iPhone = "UIInterfaceOrientationPortrait UIInterfaceOrientationLandscapeLeft UIInterfaceOrientationLandscapeRight";
				LD_RUNPATH_SEARCH_PATHS = (
					"$(inherited)",
					"@executable_path/Frameworks",
				);
				MARKETING_VERSION = 1.0;
				PRODUCT_BUNDLE_IDENTIFIER = testSwiftUi.coristronk;
				PRODUCT_NAME = "$(TARGET_NAME)";
				SWIFT_EMIT_LOC_STRINGS = YES;
				SWIFT_VERSION = 5.0;
				TARGETED_DEVICE_FAMILY = "1,2";
			};
			name = Debug;
		};
		24DD97DF2C3BDB4500B5B117 /* Release */ = {
			isa = XCBuildConfiguration;
			buildSettings = {
				ASSETCATALOG_COMPILER_APPICON_NAME = AppIcon;
				ASSETCATALOG_COMPILER_GLOBAL_ACCENT_COLOR_NAME = AccentColor;
				CODE_SIGN_STYLE = Automatic;
				CURRENT_PROJECT_VERSION = 1;
				DEVELOPMENT_ASSET_PATHS = "\"coristronk/Preview Content\"";
				DEVELOPMENT_TEAM = 9W2QS2S9PF;
				ENABLE_PREVIEWS = YES;
				GENERATE_INFOPLIST_FILE = YES;
				INFOPLIST_KEY_CFBundleDisplayName = "Bubu's workouts";
				INFOPLIST_KEY_UIApplicationSceneManifest_Generation = YES;
				INFOPLIST_KEY_UIApplicationSupportsIndirectInputEvents = YES;
				INFOPLIST_KEY_UILaunchScreen_Generation = YES;
				INFOPLIST_KEY_UISupportedInterfaceOrientations_iPad = "UIInterfaceOrientationPortrait UIInterfaceOrientationPortraitUpsideDown UIInterfaceOrientationLandscapeLeft UIInterfaceOrientationLandscapeRight";
				INFOPLIST_KEY_UISupportedInterfaceOrientations_iPhone = "UIInterfaceOrientationPortrait UIInterfaceOrientationLandscapeLeft UIInterfaceOrientationLandscapeRight";
				LD_RUNPATH_SEARCH_PATHS = (
					"$(inherited)",
					"@executable_path/Frameworks",
				);
				MARKETING_VERSION = 1.0;
				PRODUCT_BUNDLE_IDENTIFIER = testSwiftUi.coristronk;
				PRODUCT_NAME = "$(TARGET_NAME)";
				SWIFT_EMIT_LOC_STRINGS = YES;
				SWIFT_VERSION = 5.0;
				TARGETED_DEVICE_FAMILY = "1,2";
			};
			name = Release;
		};
/* End XCBuildConfiguration section */

/* Begin XCConfigurationList section */
		24DD97C82C3BDB4100B5B117 /* Build configuration list for PBXProject "coristronk" */ = {
			isa = XCConfigurationList;
			buildConfigurations = (
				24DD97DB2C3BDB4500B5B117 /* Debug */,
				24DD97DC2C3BDB4500B5B117 /* Release */,
			);
			defaultConfigurationIsVisible = 0;
			defaultConfigurationName = Release;
		};
		24DD97DD2C3BDB4500B5B117 /* Build configuration list for PBXNativeTarget "coristronk" */ = {
			isa = XCConfigurationList;
			buildConfigurations = (
				24DD97DE2C3BDB4500B5B117 /* Debug */,
				24DD97DF2C3BDB4500B5B117 /* Release */,
			);
			defaultConfigurationIsVisible = 0;
			defaultConfigurationName = Release;
		};
/* End XCConfigurationList section */

/* Begin XCRemoteSwiftPackageReference section */
		2462AB222C452453001A12C1 /* XCRemoteSwiftPackageReference "FSCalendar" */ = {
			isa = XCRemoteSwiftPackageReference;
			repositoryURL = "https://github.com/WenchaoD/FSCalendar";
			requirement = {
				kind = upToNextMajorVersion;
				minimumVersion = 2.8.4;
			};
		};
/* End XCRemoteSwiftPackageReference section */

/* Begin XCSwiftPackageProductDependency section */
		2462AB232C452453001A12C1 /* FSCalendar */ = {
			isa = XCSwiftPackageProductDependency;
			package = 2462AB222C452453001A12C1 /* XCRemoteSwiftPackageReference "FSCalendar" */;
			productName = FSCalendar;
		};
/* End XCSwiftPackageProductDependency section */
	};
	rootObject = 24DD97C52C3BDB4100B5B117 /* Project object */;
}
